<?xml version="1.0" encoding="utf-8"?>
<Project ToolsVersion="4.0" xmlns="http://schemas.microsoft.com/developer/msbuild/2003">
  <ItemGroup>
    <ClCompile Include="Lab_Tutorial_Template.cpp" />
  </ItemGroup>
  <ItemGroup>
    <CustomBuild Include="Shaders\shader.frag" />
    <CustomBuild Include="Shaders\shader.vert" />
    <CustomBuild Include="SHADERS\skybox.frag" />
    <CustomBuild Include="SHADERS\skybox.vert" />
  </ItemGroup>
  <ItemGroup>
    <None Include="packages.config" />
  </ItemGroup>
</Project>